
Microsoft Visual Studio Solution File, Format Version 12.00
# Visual Studio 15
VisualStudioVersion = 15.0.27130.2027
MinimumVisualStudioVersion = 10.0.40219.1
Project("{FAE04EC0-301F-11D3-BF4B-00C04F79EFBC}") = "SecureNote", "SecureNote\SecureNote.csproj", "{72FD2542-886D-4F1E-A6B2-7A4E27AF891D}"
EndProject
Global
	GlobalSection(SolutionConfigurationPlatforms) = preSolution
		Debug|Any CPU = Debug|Any CPU
		Release|Any CPU = Release|Any CPU
	EndGlobalSection
	GlobalSection(ProjectConfigurationPlatforms) = postSolution
		{72FD2542-886D-4F1E-A6B2-7A4E27AF891D}.Debug|Any CPU.ActiveCfg = Debug|Any CPU
		{72FD2542-886D-4F1E-A6B2-7A4E27AF891D}.Debug|Any CPU.Build.0 = Debug|Any CPU
		{72FD2542-886D-4F1E-A6B2-7A4E27AF891D}.Release|Any CPU.ActiveCfg = Release|Any CPU
		{72FD2542-886D-4F1E-A6B2-7A4E27AF891D}.Release|Any CPU.Build.0 = Release|Any CPU
	EndGlobalSection
	GlobalSection(SolutionProperties) = preSolution
		HideSolutionNode = FALSE
	EndGlobalSection
	GlobalSection(ExtensibilityGlobals) = postSolution
		SolutionGuid = {F1C5940E-F4B6-4ECD-8704-D2BD9A81014D}
	EndGlobalSection
EndGlobal
